
Microsoft Visual Studio Solution File, Format Version 12.00
# Visual Studio Version 17
VisualStudioVersion = 17.0.32014.148
MinimumVisualStudioVersion = 10.0.40219.1
Project("{2150E333-8FDC-42A3-9474-1A3956D46DE8}") = "Core", "Core", "{19923A5D-14D3-483F-ABD5-B824B155BB89}"
EndProject
Project("{9A19103F-16F7-4668-BE54-9A1E7A4F7556}") = "ETicaretAPI.Domain", "Core\ETicaretAPI.Domain\ETicaretAPI.Domain.csproj", "{9A883B22-6DDA-4A46-B215-15E9518134CD}"
EndProject
Project("{9A19103F-16F7-4668-BE54-9A1E7A4F7556}") = "ETicaretAPI.Application", "Core\ETicaretAPI.Application\ETicaretAPI.Application.csproj", "{5AFAD746-2AF8-4991-9566-4BDA92A10B7E}"
EndProject
Project("{2150E333-8FDC-42A3-9474-1A3956D46DE8}") = "Infrastructure", "Infrastructure", "{043F60A2-0452-4367-BE76-677698B4F84E}"
EndProject
Project("{9A19103F-16F7-4668-BE54-9A1E7A4F7556}") = "ETicaretAPI.Infrastructure", "Infrastructure\ETicaretAPI.Infrastructure\ETicaretAPI.Infrastructure.csproj", "{E91D9278-45FD-4D55-B3BF-C3C7FFDB85EC}"
EndProject
Project("{9A19103F-16F7-4668-BE54-9A1E7A4F7556}") = "ETicaretAPI.Persistence", "Infrastructure\ETicaretAPI.Persistence\ETicaretAPI.Persistence.csproj", "{517ED543-F25B-487D-A385-A4C7FBA3D2D3}"
EndProject
Project("{2150E333-8FDC-42A3-9474-1A3956D46DE8}") = "Presentation", "Presentation", "{3AB6CEBE-C49C-43DD-8D4A-80D41BDB83B3}"
EndProject
Project("{9A19103F-16F7-4668-BE54-9A1E7A4F7556}") = "ETicaretAPI.API", "Presentation\ETicaretAPI.API\ETicaretAPI.API.csproj", "{A7B02B35-7984-4C08-9E88-837F43A87797}"
EndProject
Global
	GlobalSection(SolutionConfigurationPlatforms) = preSolution
		Debug|Any CPU = Debug|Any CPU
		Release|Any CPU = Release|Any CPU
	EndGlobalSection
	GlobalSection(ProjectConfigurationPlatforms) = postSolution
		{9A883B22-6DDA-4A46-B215-15E9518134CD}.Debug|Any CPU.ActiveCfg = Debug|Any CPU
		{9A883B22-6DDA-4A46-B215-15E9518134CD}.Debug|Any CPU.Build.0 = Debug|Any CPU
		{9A883B22-6DDA-4A46-B215-15E9518134CD}.Release|Any CPU.ActiveCfg = Release|Any CPU
		{9A883B22-6DDA-4A46-B215-15E9518134CD}.Release|Any CPU.Build.0 = Release|Any CPU
		{5AFAD746-2AF8-4991-9566-4BDA92A10B7E}.Debug|Any CPU.ActiveCfg = Debug|Any CPU
		{5AFAD746-2AF8-4991-9566-4BDA92A10B7E}.Debug|Any CPU.Build.0 = Debug|Any CPU
		{5AFAD746-2AF8-4991-9566-4BDA92A10B7E}.Release|Any CPU.ActiveCfg = Release|Any CPU
		{5AFAD746-2AF8-4991-9566-4BDA92A10B7E}.Release|Any CPU.Build.0 = Release|Any CPU
		{E91D9278-45FD-4D55-B3BF-C3C7FFDB85EC}.Debug|Any CPU.ActiveCfg = Debug|Any CPU
		{E91D9278-45FD-4D55-B3BF-C3C7FFDB85EC}.Debug|Any CPU.Build.0 = Debug|Any CPU
		{E91D9278-45FD-4D55-B3BF-C3C7FFDB85EC}.Release|Any CPU.ActiveCfg = Release|Any CPU
		{E91D9278-45FD-4D55-B3BF-C3C7FFDB85EC}.Release|Any CPU.Build.0 = Release|Any CPU
		{517ED543-F25B-487D-A385-A4C7FBA3D2D3}.Debug|Any CPU.ActiveCfg = Debug|Any CPU
		{517ED543-F25B-487D-A385-A4C7FBA3D2D3}.Debug|Any CPU.Build.0 = Debug|Any CPU
		{517ED543-F25B-487D-A385-A4C7FBA3D2D3}.Release|Any CPU.ActiveCfg = Release|Any CPU
		{517ED543-F25B-487D-A385-A4C7FBA3D2D3}.Release|Any CPU.Build.0 = Release|Any CPU
		{A7B02B35-7984-4C08-9E88-837F43A87797}.Debug|Any CPU.ActiveCfg = Debug|Any CPU
		{A7B02B35-7984-4C08-9E88-837F43A87797}.Debug|Any CPU.Build.0 = Debug|Any CPU
		{A7B02B35-7984-4C08-9E88-837F43A87797}.Release|Any CPU.ActiveCfg = Release|Any CPU
		{A7B02B35-7984-4C08-9E88-837F43A87797}.Release|Any CPU.Build.0 = Release|Any CPU
	EndGlobalSection
	GlobalSection(SolutionProperties) = preSolution
		HideSolutionNode = FALSE
	EndGlobalSection
	GlobalSection(NestedProjects) = preSolution
		{9A883B22-6DDA-4A46-B215-15E9518134CD} = {19923A5D-14D3-483F-ABD5-B824B155BB89}
		{5AFAD746-2AF8-4991-9566-4BDA92A10B7E} = {19923A5D-14D3-483F-ABD5-B824B155BB89}
		{E91D9278-45FD-4D55-B3BF-C3C7FFDB85EC} = {043F60A2-0452-4367-BE76-677698B4F84E}
		{517ED543-F25B-487D-A385-A4C7FBA3D2D3} = {043F60A2-0452-4367-BE76-677698B4F84E}
		{A7B02B35-7984-4C08-9E88-837F43A87797} = {3AB6CEBE-C49C-43DD-8D4A-80D41BDB83B3}
	EndGlobalSection
	GlobalSection(ExtensibilityGlobals) = postSolution
		SolutionGuid = {C32B79E8-DAC9-42D3-9F69-3732D90D49A3}
	EndGlobalSection
EndGlobal
